
Microsoft Visual Studio Solution File, Format Version 9.00
# Visual Studio 2005
Project("{FAE04EC0-301F-11D3-BF4B-00C04F79EFBC}") = "QualityAgent", "QualityAgent\QualityAgent.csproj", "{E5529C5B-762D-438F-AFC3-42CC3A3B70DE}"
	ProjectSection(WebsiteProperties) = preProject
		Debug.AspNetCompiler.Debug = "True"
		Release.AspNetCompiler.Debug = "False"
	EndProjectSection
EndProject
Project("{E24C65DC-7377-472B-9ABA-BC803B73C61A}") = "C:\...\Website\", "Website\", "{7FF96743-E995-43F7-933F-A7A9A8DCBAE8}"
	ProjectSection(WebsiteProperties) = preProject
		Debug.AspNetCompiler.VirtualPath = "/Website"
		Debug.AspNetCompiler.PhysicalPath = "Website\"
		Debug.AspNetCompiler.TargetPath = "PrecompiledWeb\Website\"
		Debug.AspNetCompiler.Updateable = "true"
		Debug.AspNetCompiler.ForceOverwrite = "true"
		Debug.AspNetCompiler.FixedNames = "false"
		Debug.AspNetCompiler.Debug = "True"
		Release.AspNetCompiler.VirtualPath = "/Website"
		Release.AspNetCompiler.PhysicalPath = "Website\"
		Release.AspNetCompiler.TargetPath = "PrecompiledWeb\Website\"
		Release.AspNetCompiler.Updateable = "true"
		Release.AspNetCompiler.ForceOverwrite = "true"
		Release.AspNetCompiler.FixedNames = "false"
		Release.AspNetCompiler.Debug = "False"
		VWDPort = "1172"
	EndProjectSection
EndProject
Project("{FAE04EC0-301F-11D3-BF4B-00C04F79EFBC}") = "Remwave", "Client\Remwave.csproj", "{301D3D4E-D6E9-4B2B-9A4E-8F69F631C684}"
	ProjectSection(WebsiteProperties) = preProject
		Debug.AspNetCompiler.Debug = "True"
		Release.AspNetCompiler.Debug = "False"
	EndProjectSection
EndProject
Project("{54435603-DBB4-11D2-8724-00A0C9A8B90C}") = "RCS", "Setup\RemwaveSetup.vdproj", "{E37D5DA1-3770-442A-B229-4A45D7C5B25B}"
	ProjectSection(WebsiteProperties) = preProject
		Debug.AspNetCompiler.Debug = "True"
		Release.AspNetCompiler.Debug = "False"
	EndProjectSection
EndProject
Project("{8BC9CEB8-8B4A-11D0-8D11-00A0C91BC942}") = "RVoIPLib", "..\..\trunk\RVoIPLib\RVoIPLib.vcproj", "{0F7ED67B-A25D-4F9B-B36C-D18704A44AAA}"
	ProjectSection(WebsiteProperties) = preProject
		Debug.AspNetCompiler.Debug = "True"
		Release.AspNetCompiler.Debug = "False"
	EndProjectSection
EndProject
Global
	GlobalSection(SolutionConfigurationPlatforms) = preSolution
		Debug Dynamic|.NET = Debug Dynamic|.NET
		Debug Dynamic|Any CPU = Debug Dynamic|Any CPU
		Debug Dynamic|Mixed Platforms = Debug Dynamic|Mixed Platforms
		Debug Dynamic|Win32 = Debug Dynamic|Win32
		Debug Static|.NET = Debug Static|.NET
		Debug Static|Any CPU = Debug Static|Any CPU
		Debug Static|Mixed Platforms = Debug Static|Mixed Platforms
		Debug Static|Win32 = Debug Static|Win32
		Debug|.NET = Debug|.NET
		Debug|Any CPU = Debug|Any CPU
		Debug|Mixed Platforms = Debug|Mixed Platforms
		Debug|Win32 = Debug|Win32
		Final Dynamic|.NET = Final Dynamic|.NET
		Final Dynamic|Any CPU = Final Dynamic|Any CPU
		Final Dynamic|Mixed Platforms = Final Dynamic|Mixed Platforms
		Final Dynamic|Win32 = Final Dynamic|Win32
		Final Static|.NET = Final Static|.NET
		Final Static|Any CPU = Final Static|Any CPU
		Final Static|Mixed Platforms = Final Static|Mixed Platforms
		Final Static|Win32 = Final Static|Win32
		Release Dynamic|.NET = Release Dynamic|.NET
		Release Dynamic|Any CPU = Release Dynamic|Any CPU
		Release Dynamic|Mixed Platforms = Release Dynamic|Mixed Platforms
		Release Dynamic|Win32 = Release Dynamic|Win32
		Release Static|.NET = Release Static|.NET
		Release Static|Any CPU = Release Static|Any CPU
		Release Static|Mixed Platforms = Release Static|Mixed Platforms
		Release Static|Win32 = Release Static|Win32
		Release|.NET = Release|.NET
		Release|Any CPU = Release|Any CPU
		Release|Mixed Platforms = Release|Mixed Platforms
		Release|Win32 = Release|Win32
	EndGlobalSection
	GlobalSection(ProjectConfigurationPlatforms) = postSolution
		{E5529C5B-762D-438F-AFC3-42CC3A3B70DE}.Debug Dynamic|.NET.ActiveCfg = Debug|Any CPU
		{E5529C5B-762D-438F-AFC3-42CC3A3B70DE}.Debug Dynamic|Any CPU.ActiveCfg = Debug|Any CPU
		{E5529C5B-762D-438F-AFC3-42CC3A3B70DE}.Debug Dynamic|Any CPU.Build.0 = Debug|Any CPU
		{E5529C5B-762D-438F-AFC3-42CC3A3B70DE}.Debug Dynamic|Mixed Platforms.ActiveCfg = Debug|Any CPU
		{E5529C5B-762D-438F-AFC3-42CC3A3B70DE}.Debug Dynamic|Mixed Platforms.Build.0 = Debug|Any CPU
		{E5529C5B-762D-438F-AFC3-42CC3A3B70DE}.Debug Dynamic|Win32.ActiveCfg = Debug|Any CPU
		{E5529C5B-762D-438F-AFC3-42CC3A3B70DE}.Debug Static|.NET.ActiveCfg = Debug|Any CPU
		{E5529C5B-762D-438F-AFC3-42CC3A3B70DE}.Debug Static|Any CPU.ActiveCfg = Debug|Any CPU
		{E5529C5B-762D-438F-AFC3-42CC3A3B70DE}.Debug Static|Any CPU.Build.0 = Debug|Any CPU
		{E5529C5B-762D-438F-AFC3-42CC3A3B70DE}.Debug Static|Mixed Platforms.ActiveCfg = Debug|Any CPU
		{E5529C5B-762D-438F-AFC3-42CC3A3B70DE}.Debug Static|Mixed Platforms.Build.0 = Debug|Any CPU
		{E5529C5B-762D-438F-AFC3-42CC3A3B70DE}.Debug Static|Win32.ActiveCfg = Debug|Any CPU
		{E5529C5B-762D-438F-AFC3-42CC3A3B70DE}.Debug|.NET.ActiveCfg = Debug|Any CPU
		{E5529C5B-762D-438F-AFC3-42CC3A3B70DE}.Debug|Any CPU.ActiveCfg = Debug|Any CPU
		{E5529C5B-762D-438F-AFC3-42CC3A3B70DE}.Debug|Any CPU.Build.0 = Debug|Any CPU
		{E5529C5B-762D-438F-AFC3-42CC3A3B70DE}.Debug|Mixed Platforms.ActiveCfg = Debug|Any CPU
		{E5529C5B-762D-438F-AFC3-42CC3A3B70DE}.Debug|Mixed Platforms.Build.0 = Debug|Any CPU
		{E5529C5B-762D-438F-AFC3-42CC3A3B70DE}.Debug|Win32.ActiveCfg = Debug|Any CPU
		{E5529C5B-762D-438F-AFC3-42CC3A3B70DE}.Final Dynamic|.NET.ActiveCfg = Release|Any CPU
		{E5529C5B-762D-438F-AFC3-42CC3A3B70DE}.Final Dynamic|Any CPU.ActiveCfg = Release|Any CPU
		{E5529C5B-762D-438F-AFC3-42CC3A3B70DE}.Final Dynamic|Any CPU.Build.0 = Release|Any CPU
		{E5529C5B-762D-438F-AFC3-42CC3A3B70DE}.Final Dynamic|Mixed Platforms.ActiveCfg = Release|Any CPU
		{E5529C5B-762D-438F-AFC3-42CC3A3B70DE}.Final Dynamic|Mixed Platforms.Build.0 = Release|Any CPU
		{E5529C5B-762D-438F-AFC3-42CC3A3B70DE}.Final Dynamic|Win32.ActiveCfg = Release|Any CPU
		{E5529C5B-762D-438F-AFC3-42CC3A3B70DE}.Final Static|.NET.ActiveCfg = Release|Any CPU
		{E5529C5B-762D-438F-AFC3-42CC3A3B70DE}.Final Static|Any CPU.ActiveCfg = Release|Any CPU
		{E5529C5B-762D-438F-AFC3-42CC3A3B70DE}.Final Static|Any CPU.Build.0 = Release|Any CPU
		{E5529C5B-762D-438F-AFC3-42CC3A3B70DE}.Final Static|Mixed Platforms.ActiveCfg = Release|Any CPU
		{E5529C5B-762D-438F-AFC3-42CC3A3B70DE}.Final Static|Mixed Platforms.Build.0 = Release|Any CPU
		{E5529C5B-762D-438F-AFC3-42CC3A3B70DE}.Final Static|Win32.ActiveCfg = Release|Any CPU
		{E5529C5B-762D-438F-AFC3-42CC3A3B70DE}.Release Dynamic|.NET.ActiveCfg = Release|Any CPU
		{E5529C5B-762D-438F-AFC3-42CC3A3B70DE}.Release Dynamic|Any CPU.ActiveCfg = Release|Any CPU
		{E5529C5B-762D-438F-AFC3-42CC3A3B70DE}.Release Dynamic|Any CPU.Build.0 = Release|Any CPU
		{E5529C5B-762D-438F-AFC3-42CC3A3B70DE}.Release Dynamic|Mixed Platforms.ActiveCfg = Release|Any CPU
		{E5529C5B-762D-438F-AFC3-42CC3A3B70DE}.Release Dynamic|Mixed Platforms.Build.0 = Release|Any CPU
		{E5529C5B-762D-438F-AFC3-42CC3A3B70DE}.Release Dynamic|Win32.ActiveCfg = Release|Any CPU
		{E5529C5B-762D-438F-AFC3-42CC3A3B70DE}.Release Static|.NET.ActiveCfg = Release|Any CPU
		{E5529C5B-762D-438F-AFC3-42CC3A3B70DE}.Release Static|Any CPU.ActiveCfg = Release|Any CPU
		{E5529C5B-762D-438F-AFC3-42CC3A3B70DE}.Release Static|Any CPU.Build.0 = Release|Any CPU
		{E5529C5B-762D-438F-AFC3-42CC3A3B70DE}.Release Static|Mixed Platforms.ActiveCfg = Release|Any CPU
		{E5529C5B-762D-438F-AFC3-42CC3A3B70DE}.Release Static|Mixed Platforms.Build.0 = Release|Any CPU
		{E5529C5B-762D-438F-AFC3-42CC3A3B70DE}.Release Static|Win32.ActiveCfg = Release|Any CPU
		{E5529C5B-762D-438F-AFC3-42CC3A3B70DE}.Release|.NET.ActiveCfg = Release|Any CPU
		{E5529C5B-762D-438F-AFC3-42CC3A3B70DE}.Release|Any CPU.ActiveCfg = Release|Any CPU
		{E5529C5B-762D-438F-AFC3-42CC3A3B70DE}.Release|Any CPU.Build.0 = Release|Any CPU
		{E5529C5B-762D-438F-AFC3-42CC3A3B70DE}.Release|Mixed Platforms.ActiveCfg = Release|Any CPU
		{E5529C5B-762D-438F-AFC3-42CC3A3B70DE}.Release|Mixed Platforms.Build.0 = Release|Any CPU
		{E5529C5B-762D-438F-AFC3-42CC3A3B70DE}.Release|Win32.ActiveCfg = Release|Any CPU
		{7FF96743-E995-43F7-933F-A7A9A8DCBAE8}.Debug Dynamic|.NET.ActiveCfg = Debug|.NET
		{7FF96743-E995-43F7-933F-A7A9A8DCBAE8}.Debug Dynamic|.NET.Build.0 = Debug|.NET
		{7FF96743-E995-43F7-933F-A7A9A8DCBAE8}.Debug Dynamic|Any CPU.ActiveCfg = Debug|.NET
		{7FF96743-E995-43F7-933F-A7A9A8DCBAE8}.Debug Dynamic|Mixed Platforms.ActiveCfg = Debug|.NET
		{7FF96743-E995-43F7-933F-A7A9A8DCBAE8}.Debug Dynamic|Mixed Platforms.Build.0 = Debug|.NET
		{7FF96743-E995-43F7-933F-A7A9A8DCBAE8}.Debug Dynamic|Win32.ActiveCfg = Debug|.NET
		{7FF96743-E995-43F7-933F-A7A9A8DCBAE8}.Debug Static|.NET.ActiveCfg = Debug|.NET
		{7FF96743-E995-43F7-933F-A7A9A8DCBAE8}.Debug Static|.NET.Build.0 = Debug|.NET
		{7FF96743-E995-43F7-933F-A7A9A8DCBAE8}.Debug Static|Any CPU.ActiveCfg = Debug|.NET
		{7FF96743-E995-43F7-933F-A7A9A8DCBAE8}.Debug Static|Mixed Platforms.ActiveCfg = Debug|.NET
		{7FF96743-E995-43F7-933F-A7A9A8DCBAE8}.Debug Static|Mixed Platforms.Build.0 = Debug|.NET
		{7FF96743-E995-43F7-933F-A7A9A8DCBAE8}.Debug Static|Win32.ActiveCfg = Debug|.NET
		{7FF96743-E995-43F7-933F-A7A9A8DCBAE8}.Debug|.NET.ActiveCfg = Debug|.NET
		{7FF96743-E995-43F7-933F-A7A9A8DCBAE8}.Debug|.NET.Build.0 = Debug|.NET
		{7FF96743-E995-43F7-933F-A7A9A8DCBAE8}.Debug|Any CPU.ActiveCfg = Debug|.NET
		{7FF96743-E995-43F7-933F-A7A9A8DCBAE8}.Debug|Mixed Platforms.ActiveCfg = Debug|.NET
		{7FF96743-E995-43F7-933F-A7A9A8DCBAE8}.Debug|Mixed Platforms.Build.0 = Debug|.NET
		{7FF96743-E995-43F7-933F-A7A9A8DCBAE8}.Debug|Win32.ActiveCfg = Debug|.NET
		{7FF96743-E995-43F7-933F-A7A9A8DCBAE8}.Final Dynamic|.NET.ActiveCfg = Debug|.NET
		{7FF96743-E995-43F7-933F-A7A9A8DCBAE8}.Final Dynamic|.NET.Build.0 = Debug|.NET
		{7FF96743-E995-43F7-933F-A7A9A8DCBAE8}.Final Dynamic|Any CPU.ActiveCfg = Debug|.NET
		{7FF96743-E995-43F7-933F-A7A9A8DCBAE8}.Final Dynamic|Mixed Platforms.ActiveCfg = Debug|.NET
		{7FF96743-E995-43F7-933F-A7A9A8DCBAE8}.Final Dynamic|Mixed Platforms.Build.0 = Debug|.NET
		{7FF96743-E995-43F7-933F-A7A9A8DCBAE8}.Final Dynamic|Win32.ActiveCfg = Debug|.NET
		{7FF96743-E995-43F7-933F-A7A9A8DCBAE8}.Final Static|.NET.ActiveCfg = Debug|.NET
		{7FF96743-E995-43F7-933F-A7A9A8DCBAE8}.Final Static|.NET.Build.0 = Debug|.NET
		{7FF96743-E995-43F7-933F-A7A9A8DCBAE8}.Final Static|Any CPU.ActiveCfg = Debug|.NET
		{7FF96743-E995-43F7-933F-A7A9A8DCBAE8}.Final Static|Mixed Platforms.ActiveCfg = Debug|.NET
		{7FF96743-E995-43F7-933F-A7A9A8DCBAE8}.Final Static|Mixed Platforms.Build.0 = Debug|.NET
		{7FF96743-E995-43F7-933F-A7A9A8DCBAE8}.Final Static|Win32.ActiveCfg = Debug|.NET
		{7FF96743-E995-43F7-933F-A7A9A8DCBAE8}.Release Dynamic|.NET.ActiveCfg = Debug|.NET
		{7FF96743-E995-43F7-933F-A7A9A8DCBAE8}.Release Dynamic|.NET.Build.0 = Debug|.NET
		{7FF96743-E995-43F7-933F-A7A9A8DCBAE8}.Release Dynamic|Any CPU.ActiveCfg = Debug|.NET
		{7FF96743-E995-43F7-933F-A7A9A8DCBAE8}.Release Dynamic|Mixed Platforms.ActiveCfg = Debug|.NET
		{7FF96743-E995-43F7-933F-A7A9A8DCBAE8}.Release Dynamic|Mixed Platforms.Build.0 = Debug|.NET
		{7FF96743-E995-43F7-933F-A7A9A8DCBAE8}.Release Dynamic|Win32.ActiveCfg = Debug|.NET
		{7FF96743-E995-43F7-933F-A7A9A8DCBAE8}.Release Static|.NET.ActiveCfg = Debug|.NET
		{7FF96743-E995-43F7-933F-A7A9A8DCBAE8}.Release Static|.NET.Build.0 = Debug|.NET
		{7FF96743-E995-43F7-933F-A7A9A8DCBAE8}.Release Static|Any CPU.ActiveCfg = Debug|.NET
		{7FF96743-E995-43F7-933F-A7A9A8DCBAE8}.Release Static|Mixed Platforms.ActiveCfg = Debug|.NET
		{7FF96743-E995-43F7-933F-A7A9A8DCBAE8}.Release Static|Mixed Platforms.Build.0 = Debug|.NET
		{7FF96743-E995-43F7-933F-A7A9A8DCBAE8}.Release Static|Win32.ActiveCfg = Debug|.NET
		{7FF96743-E995-43F7-933F-A7A9A8DCBAE8}.Release|.NET.ActiveCfg = Debug|.NET
		{7FF96743-E995-43F7-933F-A7A9A8DCBAE8}.Release|.NET.Build.0 = Debug|.NET
		{7FF96743-E995-43F7-933F-A7A9A8DCBAE8}.Release|Any CPU.ActiveCfg = Debug|.NET
		{7FF96743-E995-43F7-933F-A7A9A8DCBAE8}.Release|Mixed Platforms.ActiveCfg = Debug|.NET
		{7FF96743-E995-43F7-933F-A7A9A8DCBAE8}.Release|Mixed Platforms.Build.0 = Debug|.NET
		{7FF96743-E995-43F7-933F-A7A9A8DCBAE8}.Release|Win32.ActiveCfg = Debug|.NET
		{301D3D4E-D6E9-4B2B-9A4E-8F69F631C684}.Debug Dynamic|.NET.ActiveCfg = Debug|Any CPU
		{301D3D4E-D6E9-4B2B-9A4E-8F69F631C684}.Debug Dynamic|Any CPU.ActiveCfg = Debug|Any CPU
		{301D3D4E-D6E9-4B2B-9A4E-8F69F631C684}.Debug Dynamic|Any CPU.Build.0 = Debug|Any CPU
		{301D3D4E-D6E9-4B2B-9A4E-8F69F631C684}.Debug Dynamic|Mixed Platforms.ActiveCfg = Debug|Any CPU
		{301D3D4E-D6E9-4B2B-9A4E-8F69F631C684}.Debug Dynamic|Mixed Platforms.Build.0 = Debug|Any CPU
		{301D3D4E-D6E9-4B2B-9A4E-8F69F631C684}.Debug Dynamic|Win32.ActiveCfg = Debug|Any CPU
		{301D3D4E-D6E9-4B2B-9A4E-8F69F631C684}.Debug Static|.NET.ActiveCfg = Debug|Any CPU
		{301D3D4E-D6E9-4B2B-9A4E-8F69F631C684}.Debug Static|Any CPU.ActiveCfg = Debug|Any CPU
		{301D3D4E-D6E9-4B2B-9A4E-8F69F631C684}.Debug Static|Any CPU.Build.0 = Debug|Any CPU
		{301D3D4E-D6E9-4B2B-9A4E-8F69F631C684}.Debug Static|Mixed Platforms.ActiveCfg = Debug|Any CPU
		{301D3D4E-D6E9-4B2B-9A4E-8F69F631C684}.Debug Static|Mixed Platforms.Build.0 = Debug|Any CPU
		{301D3D4E-D6E9-4B2B-9A4E-8F69F631C684}.Debug Static|Win32.ActiveCfg = Debug|Any CPU
		{301D3D4E-D6E9-4B2B-9A4E-8F69F631C684}.Debug|.NET.ActiveCfg = Debug|Any CPU
		{301D3D4E-D6E9-4B2B-9A4E-8F69F631C684}.Debug|Any CPU.ActiveCfg = Debug|Any CPU
		{301D3D4E-D6E9-4B2B-9A4E-8F69F631C684}.Debug|Any CPU.Build.0 = Debug|Any CPU
		{301D3D4E-D6E9-4B2B-9A4E-8F69F631C684}.Debug|Mixed Platforms.ActiveCfg = Debug|Any CPU
		{301D3D4E-D6E9-4B2B-9A4E-8F69F631C684}.Debug|Mixed Platforms.Build.0 = Debug|Any CPU
		{301D3D4E-D6E9-4B2B-9A4E-8F69F631C684}.Debug|Win32.ActiveCfg = Debug|Any CPU
		{301D3D4E-D6E9-4B2B-9A4E-8F69F631C684}.Final Dynamic|.NET.ActiveCfg = Release|Any CPU
		{301D3D4E-D6E9-4B2B-9A4E-8F69F631C684}.Final Dynamic|Any CPU.ActiveCfg = Release|Any CPU
		{301D3D4E-D6E9-4B2B-9A4E-8F69F631C684}.Final Dynamic|Any CPU.Build.0 = Release|Any CPU
		{301D3D4E-D6E9-4B2B-9A4E-8F69F631C684}.Final Dynamic|Mixed Platforms.ActiveCfg = Release|Any CPU
		{301D3D4E-D6E9-4B2B-9A4E-8F69F631C684}.Final Dynamic|Mixed Platforms.Build.0 = Release|Any CPU
		{301D3D4E-D6E9-4B2B-9A4E-8F69F631C684}.Final Dynamic|Win32.ActiveCfg = Release|Any CPU
		{301D3D4E-D6E9-4B2B-9A4E-8F69F631C684}.Final Static|.NET.ActiveCfg = Release|Any CPU
		{301D3D4E-D6E9-4B2B-9A4E-8F69F631C684}.Final Static|Any CPU.ActiveCfg = Release|Any CPU
		{301D3D4E-D6E9-4B2B-9A4E-8F69F631C684}.Final Static|Any CPU.Build.0 = Release|Any CPU
		{301D3D4E-D6E9-4B2B-9A4E-8F69F631C684}.Final Static|Mixed Platforms.ActiveCfg = Release|Any CPU
		{301D3D4E-D6E9-4B2B-9A4E-8F69F631C684}.Final Static|Mixed Platforms.Build.0 = Release|Any CPU
		{301D3D4E-D6E9-4B2B-9A4E-8F69F631C684}.Final Static|Win32.ActiveCfg = Release|Any CPU
		{301D3D4E-D6E9-4B2B-9A4E-8F69F631C684}.Release Dynamic|.NET.ActiveCfg = Release|Any CPU
		{301D3D4E-D6E9-4B2B-9A4E-8F69F631C684}.Release Dynamic|Any CPU.ActiveCfg = Release|Any CPU
		{301D3D4E-D6E9-4B2B-9A4E-8F69F631C684}.Release Dynamic|Any CPU.Build.0 = Release|Any CPU
		{301D3D4E-D6E9-4B2B-9A4E-8F69F631C684}.Release Dynamic|Mixed Platforms.ActiveCfg = Release|Any CPU
		{301D3D4E-D6E9-4B2B-9A4E-8F69F631C684}.Release Dynamic|Mixed Platforms.Build.0 = Release|Any CPU
		{301D3D4E-D6E9-4B2B-9A4E-8F69F631C684}.Release Dynamic|Win32.ActiveCfg = Release|Any CPU
		{301D3D4E-D6E9-4B2B-9A4E-8F69F631C684}.Release Static|.NET.ActiveCfg = Release|Any CPU
		{301D3D4E-D6E9-4B2B-9A4E-8F69F631C684}.Release Static|Any CPU.ActiveCfg = Release|Any CPU
		{301D3D4E-D6E9-4B2B-9A4E-8F69F631C684}.Release Static|Any CPU.Build.0 = Release|Any CPU
		{301D3D4E-D6E9-4B2B-9A4E-8F69F631C684}.Release Static|Mixed Platforms.ActiveCfg = Release|Any CPU
		{301D3D4E-D6E9-4B2B-9A4E-8F69F631C684}.Release Static|Mixed Platforms.Build.0 = Release|Any CPU
		{301D3D4E-D6E9-4B2B-9A4E-8F69F631C684}.Release Static|Win32.ActiveCfg = Release|Any CPU
		{301D3D4E-D6E9-4B2B-9A4E-8F69F631C684}.Release|.NET.ActiveCfg = Release|Any CPU
		{301D3D4E-D6E9-4B2B-9A4E-8F69F631C684}.Release|Any CPU.ActiveCfg = Release|Any CPU
		{301D3D4E-D6E9-4B2B-9A4E-8F69F631C684}.Release|Any CPU.Build.0 = Release|Any CPU
		{301D3D4E-D6E9-4B2B-9A4E-8F69F631C684}.Release|Mixed Platforms.ActiveCfg = Release|Any CPU
		{301D3D4E-D6E9-4B2B-9A4E-8F69F631C684}.Release|Mixed Platforms.Build.0 = Release|Any CPU
		{301D3D4E-D6E9-4B2B-9A4E-8F69F631C684}.Release|Win32.ActiveCfg = Release|Any CPU
		{E37D5DA1-3770-442A-B229-4A45D7C5B25B}.Debug Dynamic|.NET.ActiveCfg = Debug
		{E37D5DA1-3770-442A-B229-4A45D7C5B25B}.Debug Dynamic|.NET.Build.0 = Debug
		{E37D5DA1-3770-442A-B229-4A45D7C5B25B}.Debug Dynamic|Any CPU.ActiveCfg = Debug
		{E37D5DA1-3770-442A-B229-4A45D7C5B25B}.Debug Dynamic|Any CPU.Build.0 = Debug
		{E37D5DA1-3770-442A-B229-4A45D7C5B25B}.Debug Dynamic|Mixed Platforms.ActiveCfg = Debug
		{E37D5DA1-3770-442A-B229-4A45D7C5B25B}.Debug Dynamic|Mixed Platforms.Build.0 = Debug
		{E37D5DA1-3770-442A-B229-4A45D7C5B25B}.Debug Dynamic|Win32.ActiveCfg = Debug
		{E37D5DA1-3770-442A-B229-4A45D7C5B25B}.Debug Dynamic|Win32.Build.0 = Debug
		{E37D5DA1-3770-442A-B229-4A45D7C5B25B}.Debug Static|.NET.ActiveCfg = Debug
		{E37D5DA1-3770-442A-B229-4A45D7C5B25B}.Debug Static|.NET.Build.0 = Debug
		{E37D5DA1-3770-442A-B229-4A45D7C5B25B}.Debug Static|Any CPU.ActiveCfg = Debug
		{E37D5DA1-3770-442A-B229-4A45D7C5B25B}.Debug Static|Any CPU.Build.0 = Debug
		{E37D5DA1-3770-442A-B229-4A45D7C5B25B}.Debug Static|Mixed Platforms.ActiveCfg = Debug
		{E37D5DA1-3770-442A-B229-4A45D7C5B25B}.Debug Static|Mixed Platforms.Build.0 = Debug
		{E37D5DA1-3770-442A-B229-4A45D7C5B25B}.Debug Static|Win32.ActiveCfg = Debug
		{E37D5DA1-3770-442A-B229-4A45D7C5B25B}.Debug Static|Win32.Build.0 = Debug
		{E37D5DA1-3770-442A-B229-4A45D7C5B25B}.Debug|.NET.ActiveCfg = Debug
		{E37D5DA1-3770-442A-B229-4A45D7C5B25B}.Debug|.NET.Build.0 = Debug
		{E37D5DA1-3770-442A-B229-4A45D7C5B25B}.Debug|Any CPU.ActiveCfg = Debug
		{E37D5DA1-3770-442A-B229-4A45D7C5B25B}.Debug|Any CPU.Build.0 = Debug
		{E37D5DA1-3770-442A-B229-4A45D7C5B25B}.Debug|Mixed Platforms.ActiveCfg = Debug
		{E37D5DA1-3770-442A-B229-4A45D7C5B25B}.Debug|Mixed Platforms.Build.0 = Debug
		{E37D5DA1-3770-442A-B229-4A45D7C5B25B}.Debug|Win32.ActiveCfg = Debug
		{E37D5DA1-3770-442A-B229-4A45D7C5B25B}.Debug|Win32.Build.0 = Debug
		{E37D5DA1-3770-442A-B229-4A45D7C5B25B}.Final Dynamic|.NET.ActiveCfg = Release
		{E37D5DA1-3770-442A-B229-4A45D7C5B25B}.Final Dynamic|.NET.Build.0 = Release
		{E37D5DA1-3770-442A-B229-4A45D7C5B25B}.Final Dynamic|Any CPU.ActiveCfg = Release
		{E37D5DA1-3770-442A-B229-4A45D7C5B25B}.Final Dynamic|Any CPU.Build.0 = Release
		{E37D5DA1-3770-442A-B229-4A45D7C5B25B}.Final Dynamic|Mixed Platforms.ActiveCfg = Release
		{E37D5DA1-3770-442A-B229-4A45D7C5B25B}.Final Dynamic|Mixed Platforms.Build.0 = Release
		{E37D5DA1-3770-442A-B229-4A45D7C5B25B}.Final Dynamic|Win32.ActiveCfg = Release
		{E37D5DA1-3770-442A-B229-4A45D7C5B25B}.Final Dynamic|Win32.Build.0 = Release
		{E37D5DA1-3770-442A-B229-4A45D7C5B25B}.Final Static|.NET.ActiveCfg = Release
		{E37D5DA1-3770-442A-B229-4A45D7C5B25B}.Final Static|.NET.Build.0 = Release
		{E37D5DA1-3770-442A-B229-4A45D7C5B25B}.Final Static|Any CPU.ActiveCfg = Release
		{E37D5DA1-3770-442A-B229-4A45D7C5B25B}.Final Static|Any CPU.Build.0 = Release
		{E37D5DA1-3770-442A-B229-4A45D7C5B25B}.Final Static|Mixed Platforms.ActiveCfg = Release
		{E37D5DA1-3770-442A-B229-4A45D7C5B25B}.Final Static|Mixed Platforms.Build.0 = Release
		{E37D5DA1-3770-442A-B229-4A45D7C5B25B}.Final Static|Win32.ActiveCfg = Release
		{E37D5DA1-3770-442A-B229-4A45D7C5B25B}.Final Static|Win32.Build.0 = Release
		{E37D5DA1-3770-442A-B229-4A45D7C5B25B}.Release Dynamic|.NET.ActiveCfg = Release
		{E37D5DA1-3770-442A-B229-4A45D7C5B25B}.Release Dynamic|.NET.Build.0 = Release
		{E37D5DA1-3770-442A-B229-4A45D7C5B25B}.Release Dynamic|Any CPU.ActiveCfg = Release
		{E37D5DA1-3770-442A-B229-4A45D7C5B25B}.Release Dynamic|Any CPU.Build.0 = Release
		{E37D5DA1-3770-442A-B229-4A45D7C5B25B}.Release Dynamic|Mixed Platforms.ActiveCfg = Release
		{E37D5DA1-3770-442A-B229-4A45D7C5B25B}.Release Dynamic|Mixed Platforms.Build.0 = Release
		{E37D5DA1-3770-442A-B229-4A45D7C5B25B}.Release Dynamic|Win32.ActiveCfg = Release
		{E37D5DA1-3770-442A-B229-4A45D7C5B25B}.Release Dynamic|Win32.Build.0 = Release
		{E37D5DA1-3770-442A-B229-4A45D7C5B25B}.Release Static|.NET.ActiveCfg = Release
		{E37D5DA1-3770-442A-B229-4A45D7C5B25B}.Release Static|.NET.Build.0 = Release
		{E37D5DA1-3770-442A-B229-4A45D7C5B25B}.Release Static|Any CPU.ActiveCfg = Release
		{E37D5DA1-3770-442A-B229-4A45D7C5B25B}.Release Static|Any CPU.Build.0 = Release
		{E37D5DA1-3770-442A-B229-4A45D7C5B25B}.Release Static|Mixed Platforms.ActiveCfg = Release
		{E37D5DA1-3770-442A-B229-4A45D7C5B25B}.Release Static|Mixed Platforms.Build.0 = Release
		{E37D5DA1-3770-442A-B229-4A45D7C5B25B}.Release Static|Win32.ActiveCfg = Release
		{E37D5DA1-3770-442A-B229-4A45D7C5B25B}.Release Static|Win32.Build.0 = Release
		{E37D5DA1-3770-442A-B229-4A45D7C5B25B}.Release|.NET.ActiveCfg = Release
		{E37D5DA1-3770-442A-B229-4A45D7C5B25B}.Release|.NET.Build.0 = Release
		{E37D5DA1-3770-442A-B229-4A45D7C5B25B}.Release|Any CPU.ActiveCfg = Release
		{E37D5DA1-3770-442A-B229-4A45D7C5B25B}.Release|Any CPU.Build.0 = Release
		{E37D5DA1-3770-442A-B229-4A45D7C5B25B}.Release|Mixed Platforms.ActiveCfg = Release
		{E37D5DA1-3770-442A-B229-4A45D7C5B25B}.Release|Mixed Platforms.Build.0 = Release
		{E37D5DA1-3770-442A-B229-4A45D7C5B25B}.Release|Win32.ActiveCfg = Release
		{E37D5DA1-3770-442A-B229-4A45D7C5B25B}.Release|Win32.Build.0 = Release
		{0F7ED67B-A25D-4F9B-B36C-D18704A44AAA}.Debug Dynamic|.NET.ActiveCfg = Debug|Win32
		{0F7ED67B-A25D-4F9B-B36C-D18704A44AAA}.Debug Dynamic|Any CPU.ActiveCfg = Debug|Win32
		{0F7ED67B-A25D-4F9B-B36C-D18704A44AAA}.Debug Dynamic|Mixed Platforms.ActiveCfg = Debug|Win32
		{0F7ED67B-A25D-4F9B-B36C-D18704A44AAA}.Debug Dynamic|Mixed Platforms.Build.0 = Debug|Win32
		{0F7ED67B-A25D-4F9B-B36C-D18704A44AAA}.Debug Dynamic|Win32.ActiveCfg = Debug|Win32
		{0F7ED67B-A25D-4F9B-B36C-D18704A44AAA}.Debug Dynamic|Win32.Build.0 = Debug|Win32
		{0F7ED67B-A25D-4F9B-B36C-D18704A44AAA}.Debug Static|.NET.ActiveCfg = Debug|Win32
		{0F7ED67B-A25D-4F9B-B36C-D18704A44AAA}.Debug Static|Any CPU.ActiveCfg = Debug|Win32
		{0F7ED67B-A25D-4F9B-B36C-D18704A44AAA}.Debug Static|Mixed Platforms.ActiveCfg = Debug|Win32
		{0F7ED67B-A25D-4F9B-B36C-D18704A44AAA}.Debug Static|Mixed Platforms.Build.0 = Debug|Win32
		{0F7ED67B-A25D-4F9B-B36C-D18704A44AAA}.Debug Static|Win32.ActiveCfg = Debug|Win32
		{0F7ED67B-A25D-4F9B-B36C-D18704A44AAA}.Debug Static|Win32.Build.0 = Debug|Win32
		{0F7ED67B-A25D-4F9B-B36C-D18704A44AAA}.Debug|.NET.ActiveCfg = Debug|Win32
		{0F7ED67B-A25D-4F9B-B36C-D18704A44AAA}.Debug|Any CPU.ActiveCfg = Debug|Win32
		{0F7ED67B-A25D-4F9B-B36C-D18704A44AAA}.Debug|Mixed Platforms.ActiveCfg = Debug|Win32
		{0F7ED67B-A25D-4F9B-B36C-D18704A44AAA}.Debug|Mixed Platforms.Build.0 = Debug|Win32
		{0F7ED67B-A25D-4F9B-B36C-D18704A44AAA}.Debug|Win32.ActiveCfg = Debug|Win32
		{0F7ED67B-A25D-4F9B-B36C-D18704A44AAA}.Debug|Win32.Build.0 = Debug|Win32
		{0F7ED67B-A25D-4F9B-B36C-D18704A44AAA}.Final Dynamic|.NET.ActiveCfg = Release|Win32
		{0F7ED67B-A25D-4F9B-B36C-D18704A44AAA}.Final Dynamic|Any CPU.ActiveCfg = Release|Win32
		{0F7ED67B-A25D-4F9B-B36C-D18704A44AAA}.Final Dynamic|Mixed Platforms.ActiveCfg = Release|Win32
		{0F7ED67B-A25D-4F9B-B36C-D18704A44AAA}.Final Dynamic|Mixed Platforms.Build.0 = Release|Win32
		{0F7ED67B-A25D-4F9B-B36C-D18704A44AAA}.Final Dynamic|Win32.ActiveCfg = Release|Win32
		{0F7ED67B-A25D-4F9B-B36C-D18704A44AAA}.Final Dynamic|Win32.Build.0 = Release|Win32
		{0F7ED67B-A25D-4F9B-B36C-D18704A44AAA}.Final Static|.NET.ActiveCfg = Release|Win32
		{0F7ED67B-A25D-4F9B-B36C-D18704A44AAA}.Final Static|Any CPU.ActiveCfg = Release|Win32
		{0F7ED67B-A25D-4F9B-B36C-D18704A44AAA}.Final Static|Mixed Platforms.ActiveCfg = Release|Win32
		{0F7ED67B-A25D-4F9B-B36C-D18704A44AAA}.Final Static|Mixed Platforms.Build.0 = Release|Win32
		{0F7ED67B-A25D-4F9B-B36C-D18704A44AAA}.Final Static|Win32.ActiveCfg = Release|Win32
		{0F7ED67B-A25D-4F9B-B36C-D18704A44AAA}.Final Static|Win32.Build.0 = Release|Win32
		{0F7ED67B-A25D-4F9B-B36C-D18704A44AAA}.Release Dynamic|.NET.ActiveCfg = Release|Win32
		{0F7ED67B-A25D-4F9B-B36C-D18704A44AAA}.Release Dynamic|Any CPU.ActiveCfg = Release|Win32
		{0F7ED67B-A25D-4F9B-B36C-D18704A44AAA}.Release Dynamic|Mixed Platforms.ActiveCfg = Release|Win32
		{0F7ED67B-A25D-4F9B-B36C-D18704A44AAA}.Release Dynamic|Mixed Platforms.Build.0 = Release|Win32
		{0F7ED67B-A25D-4F9B-B36C-D18704A44AAA}.Release Dynamic|Win32.ActiveCfg = Release|Win32
		{0F7ED67B-A25D-4F9B-B36C-D18704A44AAA}.Release Dynamic|Win32.Build.0 = Release|Win32
		{0F7ED67B-A25D-4F9B-B36C-D18704A44AAA}.Release Static|.NET.ActiveCfg = Release|Win32
		{0F7ED67B-A25D-4F9B-B36C-D18704A44AAA}.Release Static|Any CPU.ActiveCfg = Release|Win32
		{0F7ED67B-A25D-4F9B-B36C-D18704A44AAA}.Release Static|Mixed Platforms.ActiveCfg = Release|Win32
		{0F7ED67B-A25D-4F9B-B36C-D18704A44AAA}.Release Static|Mixed Platforms.Build.0 = Release|Win32
		{0F7ED67B-A25D-4F9B-B36C-D18704A44AAA}.Release Static|Win32.ActiveCfg = Release|Win32
		{0F7ED67B-A25D-4F9B-B36C-D18704A44AAA}.Release Static|Win32.Build.0 = Release|Win32
		{0F7ED67B-A25D-4F9B-B36C-D18704A44AAA}.Release|.NET.ActiveCfg = Release|Win32
		{0F7ED67B-A25D-4F9B-B36C-D18704A44AAA}.Release|Any CPU.ActiveCfg = Release|Win32
		{0F7ED67B-A25D-4F9B-B36C-D18704A44AAA}.Release|Mixed Platforms.ActiveCfg = Release|Win32
		{0F7ED67B-A25D-4F9B-B36C-D18704A44AAA}.Release|Mixed Platforms.Build.0 = Release|Win32
		{0F7ED67B-A25D-4F9B-B36C-D18704A44AAA}.Release|Win32.ActiveCfg = Release|Win32
		{0F7ED67B-A25D-4F9B-B36C-D18704A44AAA}.Release|Win32.Build.0 = Release|Win32
	EndGlobalSection
	GlobalSection(SolutionProperties) = preSolution
		HideSolutionNode = FALSE
	EndGlobalSection
EndGlobal
